
Microsoft Visual Studio Solution File, Format Version 12.00
# Visual Studio Version 17
VisualStudioVersion = 17.10.34607.79
MinimumVisualStudioVersion = 10.0.40219.1
Project("{FAE04EC0-301F-11D3-BF4B-00C04F79EFBC}") = "baitap1lythuyet", "baitap1lythuyet\baitap1lythuyet.csproj", "{21A5A489-F6C7-4F3C-A046-9CCB2690D698}"
EndProject
Global
	GlobalSection(SolutionConfigurationPlatforms) = preSolution
		Debug|Any CPU = Debug|Any CPU
		Release|Any CPU = Release|Any CPU
	EndGlobalSection
	GlobalSection(ProjectConfigurationPlatforms) = postSolution
		{21A5A489-F6C7-4F3C-A046-9CCB2690D698}.Debug|Any CPU.ActiveCfg = Debug|Any CPU
		{21A5A489-F6C7-4F3C-A046-9CCB2690D698}.Debug|Any CPU.Build.0 = Debug|Any CPU
		{21A5A489-F6C7-4F3C-A046-9CCB2690D698}.Release|Any CPU.ActiveCfg = Release|Any CPU
		{21A5A489-F6C7-4F3C-A046-9CCB2690D698}.Release|Any CPU.Build.0 = Release|Any CPU
	EndGlobalSection
	GlobalSection(SolutionProperties) = preSolution
		HideSolutionNode = FALSE
	EndGlobalSection
	GlobalSection(ExtensibilityGlobals) = postSolution
		SolutionGuid = {BBB48889-C6A0-4455-A5FE-1F961D0DD0D3}
	EndGlobalSection
EndGlobal
